
Microsoft Visual Studio Solution File, Format Version 12.00
# Visual Studio 15
VisualStudioVersion = 15.0.28307.329
MinimumVisualStudioVersion = 10.0.40219.1
Project("{FAE04EC0-301F-11D3-BF4B-00C04F79EFBC}") = "compareTriplets", "compareTriplets\compareTriplets.csproj", "{CE2C5FDA-2CE1-47D3-A0AB-92B8373DA262}"
EndProject
Global
	GlobalSection(SolutionConfigurationPlatforms) = preSolution
		Debug|Any CPU = Debug|Any CPU
		Release|Any CPU = Release|Any CPU
	EndGlobalSection
	GlobalSection(ProjectConfigurationPlatforms) = postSolution
		{CE2C5FDA-2CE1-47D3-A0AB-92B8373DA262}.Debug|Any CPU.ActiveCfg = Debug|Any CPU
		{CE2C5FDA-2CE1-47D3-A0AB-92B8373DA262}.Debug|Any CPU.Build.0 = Debug|Any CPU
		{CE2C5FDA-2CE1-47D3-A0AB-92B8373DA262}.Release|Any CPU.ActiveCfg = Release|Any CPU
		{CE2C5FDA-2CE1-47D3-A0AB-92B8373DA262}.Release|Any CPU.Build.0 = Release|Any CPU
	EndGlobalSection
	GlobalSection(SolutionProperties) = preSolution
		HideSolutionNode = FALSE
	EndGlobalSection
	GlobalSection(ExtensibilityGlobals) = postSolution
		SolutionGuid = {AD2ADCB3-F2F2-49D8-8CB3-FAE7D27D3E5A}
	EndGlobalSection
EndGlobal
